
Microsoft Visual Studio Solution File, Format Version 12.00
# Visual Studio 15
Project("{FAE04EC0-301F-11D3-BF4B-00C04F79EFBC}") = "Assembly-CSharp", "Assembly-CSharp.csproj", "{2BB1DC34-154B-DCBC-A03E-EA78A6325BA2}"
EndProject
Project("{FAE04EC0-301F-11D3-BF4B-00C04F79EFBC}") = "Assembly-CSharp-Editor", "Assembly-CSharp-Editor.csproj", "{69A89F6D-DC38-8AE6-40D4-F5824D395E87}"
EndProject
Global
	GlobalSection(SolutionConfigurationPlatforms) = preSolution
		Debug|Any CPU = Debug|Any CPU
		Release|Any CPU = Release|Any CPU
	EndGlobalSection
	GlobalSection(ProjectConfigurationPlatforms) = postSolution
		{2BB1DC34-154B-DCBC-A03E-EA78A6325BA2}.Debug|Any CPU.ActiveCfg = Debug|Any CPU
		{2BB1DC34-154B-DCBC-A03E-EA78A6325BA2}.Debug|Any CPU.Build.0 = Debug|Any CPU
		{2BB1DC34-154B-DCBC-A03E-EA78A6325BA2}.Release|Any CPU.ActiveCfg = Release|Any CPU
		{2BB1DC34-154B-DCBC-A03E-EA78A6325BA2}.Release|Any CPU.Build.0 = Release|Any CPU
		{69A89F6D-DC38-8AE6-40D4-F5824D395E87}.Debug|Any CPU.ActiveCfg = Debug|Any CPU
		{69A89F6D-DC38-8AE6-40D4-F5824D395E87}.Debug|Any CPU.Build.0 = Debug|Any CPU
		{69A89F6D-DC38-8AE6-40D4-F5824D395E87}.Release|Any CPU.ActiveCfg = Release|Any CPU
		{69A89F6D-DC38-8AE6-40D4-F5824D395E87}.Release|Any CPU.Build.0 = Release|Any CPU
	EndGlobalSection
	GlobalSection(SolutionProperties) = preSolution
		HideSolutionNode = FALSE
	EndGlobalSection
EndGlobal
